
Microsoft Visual Studio Solution File, Format Version 12.00
# Visual Studio Version 17
VisualStudioVersion = 17.13.35806.99 d17.13
MinimumVisualStudioVersion = 10.0.40219.1
Project("{FAE04EC0-301F-11D3-BF4B-00C04F79EFBC}") = "QuanLyNhaHangAPI", "QuanLyNhaHangAPI.csproj", "{2AE0D731-3210-644F-39E2-64BCF9AB5E74}"
EndProject
Global
	GlobalSection(SolutionConfigurationPlatforms) = preSolution
		Debug|Any CPU = Debug|Any CPU
		Release|Any CPU = Release|Any CPU
	EndGlobalSection
	GlobalSection(ProjectConfigurationPlatforms) = postSolution
		{2AE0D731-3210-644F-39E2-64BCF9AB5E74}.Debug|Any CPU.ActiveCfg = Debug|Any CPU
		{2AE0D731-3210-644F-39E2-64BCF9AB5E74}.Debug|Any CPU.Build.0 = Debug|Any CPU
		{2AE0D731-3210-644F-39E2-64BCF9AB5E74}.Release|Any CPU.ActiveCfg = Release|Any CPU
		{2AE0D731-3210-644F-39E2-64BCF9AB5E74}.Release|Any CPU.Build.0 = Release|Any CPU
	EndGlobalSection
	GlobalSection(SolutionProperties) = preSolution
		HideSolutionNode = FALSE
	EndGlobalSection
	GlobalSection(ExtensibilityGlobals) = postSolution
		SolutionGuid = {D917E3D9-C1B1-4E45-86DF-CE0D6C1BE6B7}
	EndGlobalSection
EndGlobal
